
Microsoft Visual Studio Solution File, Format Version 12.00
# Visual Studio Version 17
VisualStudioVersion = 17.5.33530.505
MinimumVisualStudioVersion = 10.0.40219.1
Project("{FAE04EC0-301F-11D3-BF4B-00C04F79EFBC}") = "Students.UI", "Students.Console\Students.UI.csproj", "{E389D468-F186-44EE-BDC2-70A1246A962A}"
EndProject
Project("{FAE04EC0-301F-11D3-BF4B-00C04F79EFBC}") = "Students.Data", "Students.Data\Students.Data.csproj", "{D6BEF774-6BC0-4379-9446-7CE5B0E8CC72}"
EndProject
Project("{FAE04EC0-301F-11D3-BF4B-00C04F79EFBC}") = "Students.Code", "Students.Code\Students.Code.csproj", "{D8097D2C-DDBD-41A8-B629-EB78357F612B}"
EndProject
Global
	GlobalSection(SolutionConfigurationPlatforms) = preSolution
		Debug|Any CPU = Debug|Any CPU
		Release|Any CPU = Release|Any CPU
	EndGlobalSection
	GlobalSection(ProjectConfigurationPlatforms) = postSolution
		{E389D468-F186-44EE-BDC2-70A1246A962A}.Debug|Any CPU.ActiveCfg = Debug|Any CPU
		{E389D468-F186-44EE-BDC2-70A1246A962A}.Debug|Any CPU.Build.0 = Debug|Any CPU
		{E389D468-F186-44EE-BDC2-70A1246A962A}.Release|Any CPU.ActiveCfg = Release|Any CPU
		{E389D468-F186-44EE-BDC2-70A1246A962A}.Release|Any CPU.Build.0 = Release|Any CPU
		{D6BEF774-6BC0-4379-9446-7CE5B0E8CC72}.Debug|Any CPU.ActiveCfg = Debug|Any CPU
		{D6BEF774-6BC0-4379-9446-7CE5B0E8CC72}.Debug|Any CPU.Build.0 = Debug|Any CPU
		{D6BEF774-6BC0-4379-9446-7CE5B0E8CC72}.Release|Any CPU.ActiveCfg = Release|Any CPU
		{D6BEF774-6BC0-4379-9446-7CE5B0E8CC72}.Release|Any CPU.Build.0 = Release|Any CPU
		{D8097D2C-DDBD-41A8-B629-EB78357F612B}.Debug|Any CPU.ActiveCfg = Debug|Any CPU
		{D8097D2C-DDBD-41A8-B629-EB78357F612B}.Debug|Any CPU.Build.0 = Debug|Any CPU
		{D8097D2C-DDBD-41A8-B629-EB78357F612B}.Release|Any CPU.ActiveCfg = Release|Any CPU
		{D8097D2C-DDBD-41A8-B629-EB78357F612B}.Release|Any CPU.Build.0 = Release|Any CPU
	EndGlobalSection
	GlobalSection(SolutionProperties) = preSolution
		HideSolutionNode = FALSE
	EndGlobalSection
	GlobalSection(ExtensibilityGlobals) = postSolution
		SolutionGuid = {36368C2B-2300-4F6A-86F7-D2F13EE361F9}
	EndGlobalSection
EndGlobal
